// !$*UTF8*$!
{
	archiveVersion = 1;
	classes = {
	};
	objectVersion = 50;
	objects = {

/* Begin PBXBuildFile section */
		6B27DEAC22EF2EF800D4490E /* ProductViewController.swift in Sources */ = {isa = PBXBuildFile; fileRef = 6B27DEAA22EF2EF800D4490E /* ProductViewController.swift */; };
		6B27DEAD22EF2EF800D4490E /* ProductViewController.xib in Resources */ = {isa = PBXBuildFile; fileRef = 6B27DEAB22EF2EF800D4490E /* ProductViewController.xib */; };
		6B27DEBD22EF31C100D4490E /* MainViewController.swift in Sources */ = {isa = PBXBuildFile; fileRef = 6B27DEBB22EF31C100D4490E /* MainViewController.swift */; };
		6B27DEBE22EF31C100D4490E /* MainViewController.xib in Resources */ = {isa = PBXBuildFile; fileRef = 6B27DEBC22EF31C100D4490E /* MainViewController.xib */; };
		6B27DEC222EF328D00D4490E /* MainTabViewController.swift in Sources */ = {isa = PBXBuildFile; fileRef = 6B27DEC022EF328D00D4490E /* MainTabViewController.swift */; };
		6B27DEC322EF328D00D4490E /* MainTabViewController.xib in Resources */ = {isa = PBXBuildFile; fileRef = 6B27DEC122EF328D00D4490E /* MainTabViewController.xib */; };
		6B27DEC622EF329F00D4490E /* OrdersTabViewController.swift in Sources */ = {isa = PBXBuildFile; fileRef = 6B27DEC422EF329F00D4490E /* OrdersTabViewController.swift */; };
		6B27DEC722EF329F00D4490E /* OrdersTabViewController.xib in Resources */ = {isa = PBXBuildFile; fileRef = 6B27DEC522EF329F00D4490E /* OrdersTabViewController.xib */; };
		6B27DECA22EF32AF00D4490E /* ProfileTabViewController.swift in Sources */ = {isa = PBXBuildFile; fileRef = 6B27DEC822EF32AF00D4490E /* ProfileTabViewController.swift */; };
		6B27DECB22EF32AF00D4490E /* ProfileTabViewController.xib in Resources */ = {isa = PBXBuildFile; fileRef = 6B27DEC922EF32AF00D4490E /* ProfileTabViewController.xib */; };
		6B27DECE22EF32C100D4490E /* CheckoutTabViewController.swift in Sources */ = {isa = PBXBuildFile; fileRef = 6B27DECC22EF32C100D4490E /* CheckoutTabViewController.swift */; };
		6B27DECF22EF32C100D4490E /* CheckoutTabViewController.xib in Resources */ = {isa = PBXBuildFile; fileRef = 6B27DECD22EF32C100D4490E /* CheckoutTabViewController.xib */; };
		6B27DED122EF3F7500D4490E /* Product.json in Resources */ = {isa = PBXBuildFile; fileRef = 6B27DED022EF3F7500D4490E /* Product.json */; };
		6B27DED322EF45D700D4490E /* NavigationController.swift in Sources */ = {isa = PBXBuildFile; fileRef = 6B27DED222EF45D700D4490E /* NavigationController.swift */; };
		6B27DED622EF542500D4490E /* ListProductTableViewCell.swift in Sources */ = {isa = PBXBuildFile; fileRef = 6B27DED422EF542500D4490E /* ListProductTableViewCell.swift */; };
		6B27DED722EF542500D4490E /* ListProductTableViewCell.xib in Resources */ = {isa = PBXBuildFile; fileRef = 6B27DED522EF542500D4490E /* ListProductTableViewCell.xib */; };
		6B27DEE722EF612100D4490E /* ProductData.swift in Sources */ = {isa = PBXBuildFile; fileRef = 6B27DEE622EF612100D4490E /* ProductData.swift */; };
		6B27DEEF22EF6E9C00D4490E /* ProductDetailTableViewCell.swift in Sources */ = {isa = PBXBuildFile; fileRef = 6B27DEED22EF6E9C00D4490E /* ProductDetailTableViewCell.swift */; };
		6B27DEF022EF6E9C00D4490E /* ProductDetailTableViewCell.xib in Resources */ = {isa = PBXBuildFile; fileRef = 6B27DEEE22EF6E9C00D4490E /* ProductDetailTableViewCell.xib */; };
		6B27DEFE22EF80E300D4490E /* pro05.png in Resources */ = {isa = PBXBuildFile; fileRef = 6B27DEF122EF80E200D4490E /* pro05.png */; };
		6B27DEFF22EF80E300D4490E /* pro01.png in Resources */ = {isa = PBXBuildFile; fileRef = 6B27DEF222EF80E200D4490E /* pro01.png */; };
		6B27DF0022EF80E300D4490E /* pro02.png in Resources */ = {isa = PBXBuildFile; fileRef = 6B27DEF322EF80E200D4490E /* pro02.png */; };
		6B27DF0222EF80E300D4490E /* pro08.png in Resources */ = {isa = PBXBuildFile; fileRef = 6B27DEF522EF80E200D4490E /* pro08.png */; };
		6B27DF0422EF80E300D4490E /* pro06.png in Resources */ = {isa = PBXBuildFile; fileRef = 6B27DEF722EF80E300D4490E /* pro06.png */; };
		6B27DF0622EF80E300D4490E /* pro04.png in Resources */ = {isa = PBXBuildFile; fileRef = 6B27DEF922EF80E300D4490E /* pro04.png */; };
		6B27DF0722EF80E300D4490E /* pro07.png in Resources */ = {isa = PBXBuildFile; fileRef = 6B27DEFA22EF80E300D4490E /* pro07.png */; };
		6B27DF0D22EFD0B100D4490E /* GridProductCollectionViewCell.swift in Sources */ = {isa = PBXBuildFile; fileRef = 6B27DF0B22EFD0B100D4490E /* GridProductCollectionViewCell.swift */; };
		6B27DF0E22EFD0B100D4490E /* GridProductCollectionViewCell.xib in Resources */ = {isa = PBXBuildFile; fileRef = 6B27DF0C22EFD0B100D4490E /* GridProductCollectionViewCell.xib */; };
		6B27DF1522EFE96E00D4490E /* Constant.swift in Sources */ = {isa = PBXBuildFile; fileRef = 6B27DF1422EFE96E00D4490E /* Constant.swift */; };
		6B27DF1922EFE9E300D4490E /* SearchProductViewController.swift in Sources */ = {isa = PBXBuildFile; fileRef = 6B27DF1722EFE9E300D4490E /* SearchProductViewController.swift */; };
		6B27DF1A22EFE9E300D4490E /* SearchProductViewController.xib in Resources */ = {isa = PBXBuildFile; fileRef = 6B27DF1822EFE9E300D4490E /* SearchProductViewController.xib */; };
		6B27DF1D22F00AC100D4490E /* SearchProductTableViewCell.swift in Sources */ = {isa = PBXBuildFile; fileRef = 6B27DF1B22F00AC100D4490E /* SearchProductTableViewCell.swift */; };
		6B27DF1E22F00AC100D4490E /* SearchProductTableViewCell.xib in Resources */ = {isa = PBXBuildFile; fileRef = 6B27DF1C22F00AC100D4490E /* SearchProductTableViewCell.xib */; };
		6B27DF2022F00C5400D4490E /* ConvertHelper.swift in Sources */ = {isa = PBXBuildFile; fileRef = 6B27DF1F22F00C5400D4490E /* ConvertHelper.swift */; };
		6B27DF2522F0358500D4490E /* HeaderViewCell.swift in Sources */ = {isa = PBXBuildFile; fileRef = 6B27DF2322F0358500D4490E /* HeaderViewCell.swift */; };
		6B27DF2622F0358500D4490E /* HeaderViewCell.xib in Resources */ = {isa = PBXBuildFile; fileRef = 6B27DF2422F0358500D4490E /* HeaderViewCell.xib */; };
		6B27DF2922F03E1000D4490E /* SearchVideoTableViewCell.swift in Sources */ = {isa = PBXBuildFile; fileRef = 6B27DF2722F03E1000D4490E /* SearchVideoTableViewCell.swift */; };
		6B27DF2A22F03E1000D4490E /* SearchVideoTableViewCell.xib in Resources */ = {isa = PBXBuildFile; fileRef = 6B27DF2822F03E1000D4490E /* SearchVideoTableViewCell.xib */; };
		6B27DF3122F0402700D4490E /* videopro09.png in Resources */ = {isa = PBXBuildFile; fileRef = 6B27DF2B22F0402600D4490E /* videopro09.png */; };
		6B27DF3222F0402700D4490E /* videopro12.png in Resources */ = {isa = PBXBuildFile; fileRef = 6B27DF2C22F0402600D4490E /* videopro12.png */; };
		6B27DF3322F0402700D4490E /* videopro10.png in Resources */ = {isa = PBXBuildFile; fileRef = 6B27DF2D22F0402600D4490E /* videopro10.png */; };
		6B27DF3422F0402700D4490E /* videopro14.png in Resources */ = {isa = PBXBuildFile; fileRef = 6B27DF2E22F0402700D4490E /* videopro14.png */; };
		6B27DF3522F0402700D4490E /* videopro13.png in Resources */ = {isa = PBXBuildFile; fileRef = 6B27DF2F22F0402700D4490E /* videopro13.png */; };
		6B27DF3622F0402700D4490E /* videopro11.png in Resources */ = {isa = PBXBuildFile; fileRef = 6B27DF3022F0402700D4490E /* videopro11.png */; };
		6B27DF3822F044EE00D4490E /* LeftToRightTransitionProxy.swift in Sources */ = {isa = PBXBuildFile; fileRef = 6B27DF3722F044EE00D4490E /* LeftToRightTransitionProxy.swift */; };
		6B27DF3B22F04F5F00D4490E /* MainGridViewController.swift in Sources */ = {isa = PBXBuildFile; fileRef = 6B27DF3922F04F5F00D4490E /* MainGridViewController.swift */; };
		6B27DF3C22F04F5F00D4490E /* MainGridViewController.xib in Resources */ = {isa = PBXBuildFile; fileRef = 6B27DF3A22F04F5F00D4490E /* MainGridViewController.xib */; };
		6B27DF3F22F0601D00D4490E /* DetailViewController.swift in Sources */ = {isa = PBXBuildFile; fileRef = 6B27DF3D22F0601D00D4490E /* DetailViewController.swift */; };
		6B27DF4022F0601D00D4490E /* DetailViewController.xib in Resources */ = {isa = PBXBuildFile; fileRef = 6B27DF3E22F0601D00D4490E /* DetailViewController.xib */; };
		6B27DF4222F06EA900D4490E /* ProductType.swift in Sources */ = {isa = PBXBuildFile; fileRef = 6B27DF4122F06EA900D4490E /* ProductType.swift */; };
		6B27DF4422F06F1B00D4490E /* ProductType.json in Resources */ = {isa = PBXBuildFile; fileRef = 6B27DF4322F06F1B00D4490E /* ProductType.json */; };
		6B33ED6822EEF5D200F489A8 /* AppDelegate.swift in Sources */ = {isa = PBXBuildFile; fileRef = 6B33ED6722EEF5D200F489A8 /* AppDelegate.swift */; };
		6B33ED6A22EEF5D200F489A8 /* ViewController.swift in Sources */ = {isa = PBXBuildFile; fileRef = 6B33ED6922EEF5D200F489A8 /* ViewController.swift */; };
		6B33ED6F22EEF5D600F489A8 /* Assets.xcassets in Resources */ = {isa = PBXBuildFile; fileRef = 6B33ED6E22EEF5D600F489A8 /* Assets.xcassets */; };
		6B33ED7222EEF5D600F489A8 /* LaunchScreen.storyboard in Resources */ = {isa = PBXBuildFile; fileRef = 6B33ED7022EEF5D600F489A8 /* LaunchScreen.storyboard */; };
		6B33ED7D22EEF5D700F489A8 /* TechnicalEntranceTestTests.swift in Sources */ = {isa = PBXBuildFile; fileRef = 6B33ED7C22EEF5D700F489A8 /* TechnicalEntranceTestTests.swift */; };
		6B33ED8822EEF5D700F489A8 /* TechnicalEntranceTestUITests.swift in Sources */ = {isa = PBXBuildFile; fileRef = 6B33ED8722EEF5D700F489A8 /* TechnicalEntranceTestUITests.swift */; };
		DFE8D5D2FE2ABA781F1B37E6 /* Pods_TechnicalEntranceTest.framework in Frameworks */ = {isa = PBXBuildFile; fileRef = 62123740913A708E018F3B20 /* Pods_TechnicalEntranceTest.framework */; };
/* End PBXBuildFile section */

/* Begin PBXContainerItemProxy section */
		6B33ED7922EEF5D700F489A8 /* PBXContainerItemProxy */ = {
			isa = PBXContainerItemProxy;
			containerPortal = 6B33ED5C22EEF5D200F489A8 /* Project object */;
			proxyType = 1;
			remoteGlobalIDString = 6B33ED6322EEF5D200F489A8;
			remoteInfo = TechnicalEntranceTest;
		};
		6B33ED8422EEF5D700F489A8 /* PBXContainerItemProxy */ = {
			isa = PBXContainerItemProxy;
			containerPortal = 6B33ED5C22EEF5D200F489A8 /* Project object */;
			proxyType = 1;
			remoteGlobalIDString = 6B33ED6322EEF5D200F489A8;
			remoteInfo = TechnicalEntranceTest;
		};
/* End PBXContainerItemProxy section */

/* Begin PBXFileReference section */
		62123740913A708E018F3B20 /* Pods_TechnicalEntranceTest.framework */ = {isa = PBXFileReference; explicitFileType = wrapper.framework; includeInIndex = 0; path = Pods_TechnicalEntranceTest.framework; sourceTree = BUILT_PRODUCTS_DIR; };
		6B27DEAA22EF2EF800D4490E /* ProductViewController.swift */ = {isa = PBXFileReference; lastKnownFileType = sourcecode.swift; path = ProductViewController.swift; sourceTree = "<group>"; };
		6B27DEAB22EF2EF800D4490E /* ProductViewController.xib */ = {isa = PBXFileReference; lastKnownFileType = file.xib; path = ProductViewController.xib; sourceTree = "<group>"; };
		6B27DEBB22EF31C100D4490E /* MainViewController.swift */ = {isa = PBXFileReference; lastKnownFileType = sourcecode.swift; path = MainViewController.swift; sourceTree = "<group>"; };
		6B27DEBC22EF31C100D4490E /* MainViewController.xib */ = {isa = PBXFileReference; lastKnownFileType = file.xib; path = MainViewController.xib; sourceTree = "<group>"; };
		6B27DEC022EF328D00D4490E /* MainTabViewController.swift */ = {isa = PBXFileReference; lastKnownFileType = sourcecode.swift; path = MainTabViewController.swift; sourceTree = "<group>"; };
		6B27DEC122EF328D00D4490E /* MainTabViewController.xib */ = {isa = PBXFileReference; lastKnownFileType = file.xib; path = MainTabViewController.xib; sourceTree = "<group>"; };
		6B27DEC422EF329F00D4490E /* OrdersTabViewController.swift */ = {isa = PBXFileReference; lastKnownFileType = sourcecode.swift; path = OrdersTabViewController.swift; sourceTree = "<group>"; };
		6B27DEC522EF329F00D4490E /* OrdersTabViewController.xib */ = {isa = PBXFileReference; lastKnownFileType = file.xib; path = OrdersTabViewController.xib; sourceTree = "<group>"; };
		6B27DEC822EF32AF00D4490E /* ProfileTabViewController.swift */ = {isa = PBXFileReference; lastKnownFileType = sourcecode.swift; path = ProfileTabViewController.swift; sourceTree = "<group>"; };
		6B27DEC922EF32AF00D4490E /* ProfileTabViewController.xib */ = {isa = PBXFileReference; lastKnownFileType = file.xib; path = ProfileTabViewController.xib; sourceTree = "<group>"; };
		6B27DECC22EF32C100D4490E /* CheckoutTabViewController.swift */ = {isa = PBXFileReference; lastKnownFileType = sourcecode.swift; path = CheckoutTabViewController.swift; sourceTree = "<group>"; };
		6B27DECD22EF32C100D4490E /* CheckoutTabViewController.xib */ = {isa = PBXFileReference; lastKnownFileType = file.xib; path = CheckoutTabViewController.xib; sourceTree = "<group>"; };
		6B27DED022EF3F7500D4490E /* Product.json */ = {isa = PBXFileReference; lastKnownFileType = text.json; path = Product.json; sourceTree = "<group>"; };
		6B27DED222EF45D700D4490E /* NavigationController.swift */ = {isa = PBXFileReference; lastKnownFileType = sourcecode.swift; path = NavigationController.swift; sourceTree = "<group>"; };
		6B27DED422EF542500D4490E /* ListProductTableViewCell.swift */ = {isa = PBXFileReference; lastKnownFileType = sourcecode.swift; path = ListProductTableViewCell.swift; sourceTree = "<group>"; };
		6B27DED522EF542500D4490E /* ListProductTableViewCell.xib */ = {isa = PBXFileReference; lastKnownFileType = file.xib; path = ListProductTableViewCell.xib; sourceTree = "<group>"; };
		6B27DEE622EF612100D4490E /* ProductData.swift */ = {isa = PBXFileReference; lastKnownFileType = sourcecode.swift; path = ProductData.swift; sourceTree = "<group>"; };
		6B27DEED22EF6E9C00D4490E /* ProductDetailTableViewCell.swift */ = {isa = PBXFileReference; lastKnownFileType = sourcecode.swift; path = ProductDetailTableViewCell.swift; sourceTree = "<group>"; };
		6B27DEEE22EF6E9C00D4490E /* ProductDetailTableViewCell.xib */ = {isa = PBXFileReference; lastKnownFileType = file.xib; path = ProductDetailTableViewCell.xib; sourceTree = "<group>"; };
		6B27DEF122EF80E200D4490E /* pro05.png */ = {isa = PBXFileReference; lastKnownFileType = image.png; path = pro05.png; sourceTree = "<group>"; };
		6B27DEF222EF80E200D4490E /* pro01.png */ = {isa = PBXFileReference; lastKnownFileType = image.png; path = pro01.png; sourceTree = "<group>"; };
		6B27DEF322EF80E200D4490E /* pro02.png */ = {isa = PBXFileReference; lastKnownFileType = image.png; path = pro02.png; sourceTree = "<group>"; };
		6B27DEF522EF80E200D4490E /* pro08.png */ = {isa = PBXFileReference; lastKnownFileType = image.png; path = pro08.png; sourceTree = "<group>"; };
		6B27DEF722EF80E300D4490E /* pro06.png */ = {isa = PBXFileReference; lastKnownFileType = image.png; path = pro06.png; sourceTree = "<group>"; };
		6B27DEF922EF80E300D4490E /* pro04.png */ = {isa = PBXFileReference; lastKnownFileType = image.png; path = pro04.png; sourceTree = "<group>"; };
		6B27DEFA22EF80E300D4490E /* pro07.png */ = {isa = PBXFileReference; lastKnownFileType = image.png; path = pro07.png; sourceTree = "<group>"; };
		6B27DF0B22EFD0B100D4490E /* GridProductCollectionViewCell.swift */ = {isa = PBXFileReference; lastKnownFileType = sourcecode.swift; path = GridProductCollectionViewCell.swift; sourceTree = "<group>"; };
		6B27DF0C22EFD0B100D4490E /* GridProductCollectionViewCell.xib */ = {isa = PBXFileReference; lastKnownFileType = file.xib; path = GridProductCollectionViewCell.xib; sourceTree = "<group>"; };
		6B27DF1422EFE96E00D4490E /* Constant.swift */ = {isa = PBXFileReference; lastKnownFileType = sourcecode.swift; path = Constant.swift; sourceTree = "<group>"; };
		6B27DF1722EFE9E300D4490E /* SearchProductViewController.swift */ = {isa = PBXFileReference; lastKnownFileType = sourcecode.swift; path = SearchProductViewController.swift; sourceTree = "<group>"; };
		6B27DF1822EFE9E300D4490E /* SearchProductViewController.xib */ = {isa = PBXFileReference; lastKnownFileType = file.xib; path = SearchProductViewController.xib; sourceTree = "<group>"; };
		6B27DF1B22F00AC100D4490E /* SearchProductTableViewCell.swift */ = {isa = PBXFileReference; lastKnownFileType = sourcecode.swift; path = SearchProductTableViewCell.swift; sourceTree = "<group>"; };
		6B27DF1C22F00AC100D4490E /* SearchProductTableViewCell.xib */ = {isa = PBXFileReference; lastKnownFileType = file.xib; path = SearchProductTableViewCell.xib; sourceTree = "<group>"; };
		6B27DF1F22F00C5400D4490E /* ConvertHelper.swift */ = {isa = PBXFileReference; lastKnownFileType = sourcecode.swift; path = ConvertHelper.swift; sourceTree = "<group>"; };
		6B27DF2322F0358500D4490E /* HeaderViewCell.swift */ = {isa = PBXFileReference; lastKnownFileType = sourcecode.swift; path = HeaderViewCell.swift; sourceTree = "<group>"; };
		6B27DF2422F0358500D4490E /* HeaderViewCell.xib */ = {isa = PBXFileReference; lastKnownFileType = file.xib; path = HeaderViewCell.xib; sourceTree = "<group>"; };
		6B27DF2722F03E1000D4490E /* SearchVideoTableViewCell.swift */ = {isa = PBXFileReference; lastKnownFileType = sourcecode.swift; path = SearchVideoTableViewCell.swift; sourceTree = "<group>"; };
		6B27DF2822F03E1000D4490E /* SearchVideoTableViewCell.xib */ = {isa = PBXFileReference; lastKnownFileType = file.xib; path = SearchVideoTableViewCell.xib; sourceTree = "<group>"; };
		6B27DF2B22F0402600D4490E /* videopro09.png */ = {isa = PBXFileReference; lastKnownFileType = image.png; path = videopro09.png; sourceTree = "<group>"; };
		6B27DF2C22F0402600D4490E /* videopro12.png */ = {isa = PBXFileReference; lastKnownFileType = image.png; path = videopro12.png; sourceTree = "<group>"; };
		6B27DF2D22F0402600D4490E /* videopro10.png */ = {isa = PBXFileReference; lastKnownFileType = image.png; path = videopro10.png; sourceTree = "<group>"; };
		6B27DF2E22F0402700D4490E /* videopro14.png */ = {isa = PBXFileReference; lastKnownFileType = image.png; path = videopro14.png; sourceTree = "<group>"; };
		6B27DF2F22F0402700D4490E /* videopro13.png */ = {isa = PBXFileReference; lastKnownFileType = image.png; path = videopro13.png; sourceTree = "<group>"; };
		6B27DF3022F0402700D4490E /* videopro11.png */ = {isa = PBXFileReference; lastKnownFileType = image.png; path = videopro11.png; sourceTree = "<group>"; };
		6B27DF3722F044EE00D4490E /* LeftToRightTransitionProxy.swift */ = {isa = PBXFileReference; lastKnownFileType = sourcecode.swift; path = LeftToRightTransitionProxy.swift; sourceTree = "<group>"; };
		6B27DF3922F04F5F00D4490E /* MainGridViewController.swift */ = {isa = PBXFileReference; lastKnownFileType = sourcecode.swift; path = MainGridViewController.swift; sourceTree = "<group>"; };
		6B27DF3A22F04F5F00D4490E /* MainGridViewController.xib */ = {isa = PBXFileReference; lastKnownFileType = file.xib; path = MainGridViewController.xib; sourceTree = "<group>"; };
		6B27DF3D22F0601D00D4490E /* DetailViewController.swift */ = {isa = PBXFileReference; lastKnownFileType = sourcecode.swift; path = DetailViewController.swift; sourceTree = "<group>"; };
		6B27DF3E22F0601D00D4490E /* DetailViewController.xib */ = {isa = PBXFileReference; lastKnownFileType = file.xib; path = DetailViewController.xib; sourceTree = "<group>"; };
		6B27DF4122F06EA900D4490E /* ProductType.swift */ = {isa = PBXFileReference; lastKnownFileType = sourcecode.swift; path = ProductType.swift; sourceTree = "<group>"; };
		6B27DF4322F06F1B00D4490E /* ProductType.json */ = {isa = PBXFileReference; lastKnownFileType = text.json; path = ProductType.json; sourceTree = "<group>"; };
		6B33ED6422EEF5D200F489A8 /* TechnicalEntranceTest.app */ = {isa = PBXFileReference; explicitFileType = wrapper.application; includeInIndex = 0; path = TechnicalEntranceTest.app; sourceTree = BUILT_PRODUCTS_DIR; };
		6B33ED6722EEF5D200F489A8 /* AppDelegate.swift */ = {isa = PBXFileReference; lastKnownFileType = sourcecode.swift; path = AppDelegate.swift; sourceTree = "<group>"; };
		6B33ED6922EEF5D200F489A8 /* ViewController.swift */ = {isa = PBXFileReference; lastKnownFileType = sourcecode.swift; path = ViewController.swift; sourceTree = "<group>"; };
		6B33ED6E22EEF5D600F489A8 /* Assets.xcassets */ = {isa = PBXFileReference; lastKnownFileType = folder.assetcatalog; path = Assets.xcassets; sourceTree = "<group>"; };
		6B33ED7122EEF5D600F489A8 /* Base */ = {isa = PBXFileReference; lastKnownFileType = file.storyboard; name = Base; path = Base.lproj/LaunchScreen.storyboard; sourceTree = "<group>"; };
		6B33ED7322EEF5D600F489A8 /* Info.plist */ = {isa = PBXFileReference; lastKnownFileType = text.plist.xml; path = Info.plist; sourceTree = "<group>"; };
		6B33ED7822EEF5D700F489A8 /* TechnicalEntranceTestTests.xctest */ = {isa = PBXFileReference; explicitFileType = wrapper.cfbundle; includeInIndex = 0; path = TechnicalEntranceTestTests.xctest; sourceTree = BUILT_PRODUCTS_DIR; };
		6B33ED7C22EEF5D700F489A8 /* TechnicalEntranceTestTests.swift */ = {isa = PBXFileReference; lastKnownFileType = sourcecode.swift; path = TechnicalEntranceTestTests.swift; sourceTree = "<group>"; };
		6B33ED7E22EEF5D700F489A8 /* Info.plist */ = {isa = PBXFileReference; lastKnownFileType = text.plist.xml; path = Info.plist; sourceTree = "<group>"; };
		6B33ED8322EEF5D700F489A8 /* TechnicalEntranceTestUITests.xctest */ = {isa = PBXFileReference; explicitFileType = wrapper.cfbundle; includeInIndex = 0; path = TechnicalEntranceTestUITests.xctest; sourceTree = BUILT_PRODUCTS_DIR; };
		6B33ED8722EEF5D700F489A8 /* TechnicalEntranceTestUITests.swift */ = {isa = PBXFileReference; lastKnownFileType = sourcecode.swift; path = TechnicalEntranceTestUITests.swift; sourceTree = "<group>"; };
		6B33ED8922EEF5D700F489A8 /* Info.plist */ = {isa = PBXFileReference; lastKnownFileType = text.plist.xml; path = Info.plist; sourceTree = "<group>"; };
		C835B1022AC6CDF20E62BEBF /* Pods-TechnicalEntranceTest.debug.xcconfig */ = {isa = PBXFileReference; includeInIndex = 1; lastKnownFileType = text.xcconfig; name = "Pods-TechnicalEntranceTest.debug.xcconfig"; path = "Target Support Files/Pods-TechnicalEntranceTest/Pods-TechnicalEntranceTest.debug.xcconfig"; sourceTree = "<group>"; };
		EDE822967C1614A9092B2890 /* Pods-TechnicalEntranceTest.release.xcconfig */ = {isa = PBXFileReference; includeInIndex = 1; lastKnownFileType = text.xcconfig; name = "Pods-TechnicalEntranceTest.release.xcconfig"; path = "Target Support Files/Pods-TechnicalEntranceTest/Pods-TechnicalEntranceTest.release.xcconfig"; sourceTree = "<group>"; };
/* End PBXFileReference section */

/* Begin PBXFrameworksBuildPhase section */
		6B33ED6122EEF5D200F489A8 /* Frameworks */ = {
			isa = PBXFrameworksBuildPhase;
			buildActionMask = 2147483647;
			files = (
				DFE8D5D2FE2ABA781F1B37E6 /* Pods_TechnicalEntranceTest.framework in Frameworks */,
			);
			runOnlyForDeploymentPostprocessing = 0;
		};
		6B33ED7522EEF5D700F489A8 /* Frameworks */ = {
			isa = PBXFrameworksBuildPhase;
			buildActionMask = 2147483647;
			files = (
			);
			runOnlyForDeploymentPostprocessing = 0;
		};
		6B33ED8022EEF5D700F489A8 /* Frameworks */ = {
			isa = PBXFrameworksBuildPhase;
			buildActionMask = 2147483647;
			files = (
			);
			runOnlyForDeploymentPostprocessing = 0;
		};
/* End PBXFrameworksBuildPhase section */

/* Begin PBXGroup section */
		6B27DEAE22EF2F0100D4490E /* ListView */ = {
			isa = PBXGroup;
			children = (
				6B27DED422EF542500D4490E /* ListProductTableViewCell.swift */,
				6B27DED522EF542500D4490E /* ListProductTableViewCell.xib */,
			);
			path = ListView;
			sourceTree = "<group>";
		};
		6B27DEAF22EF2F0B00D4490E /* GridView */ = {
			isa = PBXGroup;
			children = (
				6B27DF0B22EFD0B100D4490E /* GridProductCollectionViewCell.swift */,
				6B27DF0C22EFD0B100D4490E /* GridProductCollectionViewCell.xib */,
			);
			path = GridView;
			sourceTree = "<group>";
		};
		6B27DEB822EF2F5300D4490E /* Model */ = {
			isa = PBXGroup;
			children = (
				6B27DEB922EF2F6900D4490E /* Data */,
			);
			path = Model;
			sourceTree = "<group>";
		};
		6B27DEB922EF2F6900D4490E /* Data */ = {
			isa = PBXGroup;
			children = (
				6B27DED022EF3F7500D4490E /* Product.json */,
				6B27DEE622EF612100D4490E /* ProductData.swift */,
				6B27DF4122F06EA900D4490E /* ProductType.swift */,
				6B27DF4322F06F1B00D4490E /* ProductType.json */,
			);
			path = Data;
			sourceTree = "<group>";
		};
		6B27DEBA22EF2F7200D4490E /* View */ = {
			isa = PBXGroup;
			children = (
				6B27DEBF22EF31D200D4490E /* Tabbar */,
				6B33ED9522EEF61700F489A8 /* Products */,
			);
			path = View;
			sourceTree = "<group>";
		};
		6B27DEBF22EF31D200D4490E /* Tabbar */ = {
			isa = PBXGroup;
			children = (
				6B27DEBB22EF31C100D4490E /* MainViewController.swift */,
				6B27DEBC22EF31C100D4490E /* MainViewController.xib */,
				6B27DEC022EF328D00D4490E /* MainTabViewController.swift */,
				6B27DEC122EF328D00D4490E /* MainTabViewController.xib */,
				6B27DF3922F04F5F00D4490E /* MainGridViewController.swift */,
				6B27DF3A22F04F5F00D4490E /* MainGridViewController.xib */,
				6B27DEC422EF329F00D4490E /* OrdersTabViewController.swift */,
				6B27DEC522EF329F00D4490E /* OrdersTabViewController.xib */,
				6B27DEC822EF32AF00D4490E /* ProfileTabViewController.swift */,
				6B27DEC922EF32AF00D4490E /* ProfileTabViewController.xib */,
				6B27DECC22EF32C100D4490E /* CheckoutTabViewController.swift */,
				6B27DECD22EF32C100D4490E /* CheckoutTabViewController.xib */,
				6B27DED222EF45D700D4490E /* NavigationController.swift */,
			);
			path = Tabbar;
			sourceTree = "<group>";
		};
		6B27DED822EF5B5500D4490E /* Image */ = {
			isa = PBXGroup;
			children = (
				6B27DED922EF5B6000D4490E /* Product */,
			);
			path = Image;
			sourceTree = "<group>";
		};
		6B27DED922EF5B6000D4490E /* Product */ = {
			isa = PBXGroup;
			children = (
				6B27DF2B22F0402600D4490E /* videopro09.png */,
				6B27DF2D22F0402600D4490E /* videopro10.png */,
				6B27DF3022F0402700D4490E /* videopro11.png */,
				6B27DF2C22F0402600D4490E /* videopro12.png */,
				6B27DF2F22F0402700D4490E /* videopro13.png */,
				6B27DF2E22F0402700D4490E /* videopro14.png */,
				6B27DEF222EF80E200D4490E /* pro01.png */,
				6B27DEF322EF80E200D4490E /* pro02.png */,
				6B27DEF922EF80E300D4490E /* pro04.png */,
				6B27DEF122EF80E200D4490E /* pro05.png */,
				6B27DEF722EF80E300D4490E /* pro06.png */,
				6B27DEFA22EF80E300D4490E /* pro07.png */,
				6B27DEF522EF80E200D4490E /* pro08.png */,
			);
			name = Product;
			path = Image/Product;
			sourceTree = SOURCE_ROOT;
		};
		6B27DEE822EF6E5C00D4490E /* Detail */ = {
			isa = PBXGroup;
			children = (
				6B27DEED22EF6E9C00D4490E /* ProductDetailTableViewCell.swift */,
				6B27DEEE22EF6E9C00D4490E /* ProductDetailTableViewCell.xib */,
				6B27DF3D22F0601D00D4490E /* DetailViewController.swift */,
				6B27DF3E22F0601D00D4490E /* DetailViewController.xib */,
			);
			path = Detail;
			sourceTree = "<group>";
		};
		6B27DF1322EFE95600D4490E /* Common */ = {
			isa = PBXGroup;
			children = (
				6B27DF1422EFE96E00D4490E /* Constant.swift */,
				6B27DF1F22F00C5400D4490E /* ConvertHelper.swift */,
				6B27DF3722F044EE00D4490E /* LeftToRightTransitionProxy.swift */,
			);
			path = Common;
			sourceTree = "<group>";
		};
		6B27DF1622EFE9C900D4490E /* Search */ = {
			isa = PBXGroup;
			children = (
				6B27DF1722EFE9E300D4490E /* SearchProductViewController.swift */,
				6B27DF1822EFE9E300D4490E /* SearchProductViewController.xib */,
				6B27DF1B22F00AC100D4490E /* SearchProductTableViewCell.swift */,
				6B27DF1C22F00AC100D4490E /* SearchProductTableViewCell.xib */,
				6B27DF2322F0358500D4490E /* HeaderViewCell.swift */,
				6B27DF2422F0358500D4490E /* HeaderViewCell.xib */,
				6B27DF2722F03E1000D4490E /* SearchVideoTableViewCell.swift */,
				6B27DF2822F03E1000D4490E /* SearchVideoTableViewCell.xib */,
			);
			path = Search;
			sourceTree = "<group>";
		};
		6B33ED5B22EEF5D200F489A8 = {
			isa = PBXGroup;
			children = (
				6B33ED6622EEF5D200F489A8 /* TechnicalEntranceTest */,
				6B33ED7B22EEF5D700F489A8 /* TechnicalEntranceTestTests */,
				6B33ED8622EEF5D700F489A8 /* TechnicalEntranceTestUITests */,
				6B33ED6522EEF5D200F489A8 /* Products */,
				70281E67E780E0C3C4FB04D3 /* Pods */,
				E07F0FA90FFF92083544EC13 /* Frameworks */,
			);
			sourceTree = "<group>";
		};
		6B33ED6522EEF5D200F489A8 /* Products */ = {
			isa = PBXGroup;
			children = (
				6B33ED6422EEF5D200F489A8 /* TechnicalEntranceTest.app */,
				6B33ED7822EEF5D700F489A8 /* TechnicalEntranceTestTests.xctest */,
				6B33ED8322EEF5D700F489A8 /* TechnicalEntranceTestUITests.xctest */,
			);
			name = Products;
			sourceTree = "<group>";
		};
		6B33ED6622EEF5D200F489A8 /* TechnicalEntranceTest */ = {
			isa = PBXGroup;
			children = (
				6B27DF1322EFE95600D4490E /* Common */,
				6B27DED822EF5B5500D4490E /* Image */,
				6B27DEBA22EF2F7200D4490E /* View */,
				6B27DEB822EF2F5300D4490E /* Model */,
				6B33ED6722EEF5D200F489A8 /* AppDelegate.swift */,
				6B33ED6922EEF5D200F489A8 /* ViewController.swift */,
				6B33ED6E22EEF5D600F489A8 /* Assets.xcassets */,
				6B33ED7022EEF5D600F489A8 /* LaunchScreen.storyboard */,
				6B33ED7322EEF5D600F489A8 /* Info.plist */,
			);
			path = TechnicalEntranceTest;
			sourceTree = "<group>";
		};
		6B33ED7B22EEF5D700F489A8 /* TechnicalEntranceTestTests */ = {
			isa = PBXGroup;
			children = (
				6B33ED7C22EEF5D700F489A8 /* TechnicalEntranceTestTests.swift */,
				6B33ED7E22EEF5D700F489A8 /* Info.plist */,
			);
			path = TechnicalEntranceTestTests;
			sourceTree = "<group>";
		};
		6B33ED8622EEF5D700F489A8 /* TechnicalEntranceTestUITests */ = {
			isa = PBXGroup;
			children = (
				6B33ED8722EEF5D700F489A8 /* TechnicalEntranceTestUITests.swift */,
				6B33ED8922EEF5D700F489A8 /* Info.plist */,
			);
			path = TechnicalEntranceTestUITests;
			sourceTree = "<group>";
		};
		6B33ED9522EEF61700F489A8 /* Products */ = {
			isa = PBXGroup;
			children = (
				6B27DF1622EFE9C900D4490E /* Search */,
				6B27DEE822EF6E5C00D4490E /* Detail */,
				6B27DEAF22EF2F0B00D4490E /* GridView */,
				6B27DEAE22EF2F0100D4490E /* ListView */,
				6B27DEAA22EF2EF800D4490E /* ProductViewController.swift */,
				6B27DEAB22EF2EF800D4490E /* ProductViewController.xib */,
			);
			path = Products;
			sourceTree = "<group>";
		};
		70281E67E780E0C3C4FB04D3 /* Pods */ = {
			isa = PBXGroup;
			children = (
				C835B1022AC6CDF20E62BEBF /* Pods-TechnicalEntranceTest.debug.xcconfig */,
				EDE822967C1614A9092B2890 /* Pods-TechnicalEntranceTest.release.xcconfig */,
			);
			path = Pods;
			sourceTree = "<group>";
		};
		E07F0FA90FFF92083544EC13 /* Frameworks */ = {
			isa = PBXGroup;
			children = (
				62123740913A708E018F3B20 /* Pods_TechnicalEntranceTest.framework */,
			);
			name = Frameworks;
			sourceTree = "<group>";
		};
/* End PBXGroup section */

/* Begin PBXNativeTarget section */
		6B33ED6322EEF5D200F489A8 /* TechnicalEntranceTest */ = {
			isa = PBXNativeTarget;
			buildConfigurationList = 6B33ED8C22EEF5D700F489A8 /* Build configuration list for PBXNativeTarget "TechnicalEntranceTest" */;
			buildPhases = (
				719AC7B92F957C6D2A25DB30 /* [CP] Check Pods Manifest.lock */,
				6B33ED6022EEF5D200F489A8 /* Sources */,
				6B33ED6122EEF5D200F489A8 /* Frameworks */,
				6B33ED6222EEF5D200F489A8 /* Resources */,
				371FB279F9137B7DB84B10B3 /* [CP] Embed Pods Frameworks */,
			);
			buildRules = (
			);
			dependencies = (
			);
			name = TechnicalEntranceTest;
			productName = TechnicalEntranceTest;
			productReference = 6B33ED6422EEF5D200F489A8 /* TechnicalEntranceTest.app */;
			productType = "com.apple.product-type.application";
		};
		6B33ED7722EEF5D700F489A8 /* TechnicalEntranceTestTests */ = {
			isa = PBXNativeTarget;
			buildConfigurationList = 6B33ED8F22EEF5D700F489A8 /* Build configuration list for PBXNativeTarget "TechnicalEntranceTestTests" */;
			buildPhases = (
				6B33ED7422EEF5D700F489A8 /* Sources */,
				6B33ED7522EEF5D700F489A8 /* Frameworks */,
				6B33ED7622EEF5D700F489A8 /* Resources */,
			);
			buildRules = (
			);
			dependencies = (
				6B33ED7A22EEF5D700F489A8 /* PBXTargetDependency */,
			);
			name = TechnicalEntranceTestTests;
			productName = TechnicalEntranceTestTests;
			productReference = 6B33ED7822EEF5D700F489A8 /* TechnicalEntranceTestTests.xctest */;
			productType = "com.apple.product-type.bundle.unit-test";
		};
		6B33ED8222EEF5D700F489A8 /* TechnicalEntranceTestUITests */ = {
			isa = PBXNativeTarget;
			buildConfigurationList = 6B33ED9222EEF5D700F489A8 /* Build configuration list for PBXNativeTarget "TechnicalEntranceTestUITests" */;
			buildPhases = (
				6B33ED7F22EEF5D700F489A8 /* Sources */,
				6B33ED8022EEF5D700F489A8 /* Frameworks */,
				6B33ED8122EEF5D700F489A8 /* Resources */,
			);
			buildRules = (
			);
			dependencies = (
				6B33ED8522EEF5D700F489A8 /* PBXTargetDependency */,
			);
			name = TechnicalEntranceTestUITests;
			productName = TechnicalEntranceTestUITests;
			productReference = 6B33ED8322EEF5D700F489A8 /* TechnicalEntranceTestUITests.xctest */;
			productType = "com.apple.product-type.bundle.ui-testing";
		};
/* End PBXNativeTarget section */

/* Begin PBXProject section */
		6B33ED5C22EEF5D200F489A8 /* Project object */ = {
			isa = PBXProject;
			attributes = {
				LastSwiftUpdateCheck = 1020;
				LastUpgradeCheck = 1020;
				ORGANIZATIONNAME = "Sskey dev";
				TargetAttributes = {
					6B33ED6322EEF5D200F489A8 = {
						CreatedOnToolsVersion = 10.2.1;
					};
					6B33ED7722EEF5D700F489A8 = {
						CreatedOnToolsVersion = 10.2.1;
						TestTargetID = 6B33ED6322EEF5D200F489A8;
					};
					6B33ED8222EEF5D700F489A8 = {
						CreatedOnToolsVersion = 10.2.1;
						TestTargetID = 6B33ED6322EEF5D200F489A8;
					};
				};
			};
			buildConfigurationList = 6B33ED5F22EEF5D200F489A8 /* Build configuration list for PBXProject "TechnicalEntranceTest" */;
			compatibilityVersion = "Xcode 9.3";
			developmentRegion = en;
			hasScannedForEncodings = 0;
			knownRegions = (
				en,
				Base,
			);
			mainGroup = 6B33ED5B22EEF5D200F489A8;
			productRefGroup = 6B33ED6522EEF5D200F489A8 /* Products */;
			projectDirPath = "";
			projectRoot = "";
			targets = (
				6B33ED6322EEF5D200F489A8 /* TechnicalEntranceTest */,
				6B33ED7722EEF5D700F489A8 /* TechnicalEntranceTestTests */,
				6B33ED8222EEF5D700F489A8 /* TechnicalEntranceTestUITests */,
			);
		};
/* End PBXProject section */

/* Begin PBXResourcesBuildPhase section */
		6B33ED6222EEF5D200F489A8 /* Resources */ = {
			isa = PBXResourcesBuildPhase;
			buildActionMask = 2147483647;
			files = (
				6B27DF3522F0402700D4490E /* videopro13.png in Resources */,
				6B27DED722EF542500D4490E /* ListProductTableViewCell.xib in Resources */,
				6B27DECB22EF32AF00D4490E /* ProfileTabViewController.xib in Resources */,
				6B27DF3122F0402700D4490E /* videopro09.png in Resources */,
				6B27DEC722EF329F00D4490E /* OrdersTabViewController.xib in Resources */,
				6B27DED122EF3F7500D4490E /* Product.json in Resources */,
				6B27DEC322EF328D00D4490E /* MainTabViewController.xib in Resources */,
				6B27DEF022EF6E9C00D4490E /* ProductDetailTableViewCell.xib in Resources */,
				6B27DEBE22EF31C100D4490E /* MainViewController.xib in Resources */,
				6B27DEFE22EF80E300D4490E /* pro05.png in Resources */,
				6B27DF3322F0402700D4490E /* videopro10.png in Resources */,
				6B27DF1E22F00AC100D4490E /* SearchProductTableViewCell.xib in Resources */,
				6B27DF2A22F03E1000D4490E /* SearchVideoTableViewCell.xib in Resources */,
				6B33ED7222EEF5D600F489A8 /* LaunchScreen.storyboard in Resources */,
				6B27DF3C22F04F5F00D4490E /* MainGridViewController.xib in Resources */,
				6B27DF3222F0402700D4490E /* videopro12.png in Resources */,
				6B27DF3422F0402700D4490E /* videopro14.png in Resources */,
				6B27DF0622EF80E300D4490E /* pro04.png in Resources */,
				6B27DF3622F0402700D4490E /* videopro11.png in Resources */,
				6B27DF1A22EFE9E300D4490E /* SearchProductViewController.xib in Resources */,
				6B27DF0022EF80E300D4490E /* pro02.png in Resources */,
				6B27DECF22EF32C100D4490E /* CheckoutTabViewController.xib in Resources */,
				6B27DF0222EF80E300D4490E /* pro08.png in Resources */,
				6B27DEAD22EF2EF800D4490E /* ProductViewController.xib in Resources */,
				6B27DF0E22EFD0B100D4490E /* GridProductCollectionViewCell.xib in Resources */,
				6B27DF0422EF80E300D4490E /* pro06.png in Resources */,
				6B27DF4022F0601D00D4490E /* DetailViewController.xib in Resources */,
				6B27DF4422F06F1B00D4490E /* ProductType.json in Resources */,
				6B27DF0722EF80E300D4490E /* pro07.png in Resources */,
				6B27DEFF22EF80E300D4490E /* pro01.png in Resources */,
				6B27DF2622F0358500D4490E /* HeaderViewCell.xib in Resources */,
				6B33ED6F22EEF5D600F489A8 /* Assets.xcassets in Resources */,
			);
			runOnlyForDeploymentPostprocessing = 0;
		};
		6B33ED7622EEF5D700F489A8 /* Resources */ = {
			isa = PBXResourcesBuildPhase;
			buildActionMask = 2147483647;
			files = (
			);
			runOnlyForDeploymentPostprocessing = 0;
		};
		6B33ED8122EEF5D700F489A8 /* Resources */ = {
			isa = PBXResourcesBuildPhase;
			buildActionMask = 2147483647;
			files = (
			);
			runOnlyForDeploymentPostprocessing = 0;
		};
/* End PBXResourcesBuildPhase section */

/* Begin PBXShellScriptBuildPhase section */
		371FB279F9137B7DB84B10B3 /* [CP] Embed Pods Frameworks */ = {
			isa = PBXShellScriptBuildPhase;
			buildActionMask = 2147483647;
			files = (
			);
			inputFileListPaths = (
			);
			inputPaths = (
				"${PODS_ROOT}/Target Support Files/Pods-TechnicalEntranceTest/Pods-TechnicalEntranceTest-frameworks.sh",
				"${BUILT_PRODUCTS_DIR}/DropDown/DropDown.framework",
				"${BUILT_PRODUCTS_DIR}/ExpyTableView/ExpyTableView.framework",
				"${BUILT_PRODUCTS_DIR}/ObjectMapper/ObjectMapper.framework",
				"${BUILT_PRODUCTS_DIR}/ObjectMapper+Realm/ObjectMapper_Realm.framework",
				"${BUILT_PRODUCTS_DIR}/Realm/Realm.framework",
				"${BUILT_PRODUCTS_DIR}/RealmSwift/RealmSwift.framework",
			);
			name = "[CP] Embed Pods Frameworks";
			outputFileListPaths = (
			);
			outputPaths = (
				"${TARGET_BUILD_DIR}/${FRAMEWORKS_FOLDER_PATH}/DropDown.framework",
				"${TARGET_BUILD_DIR}/${FRAMEWORKS_FOLDER_PATH}/ExpyTableView.framework",
				"${TARGET_BUILD_DIR}/${FRAMEWORKS_FOLDER_PATH}/ObjectMapper.framework",
				"${TARGET_BUILD_DIR}/${FRAMEWORKS_FOLDER_PATH}/ObjectMapper_Realm.framework",
				"${TARGET_BUILD_DIR}/${FRAMEWORKS_FOLDER_PATH}/Realm.framework",
				"${TARGET_BUILD_DIR}/${FRAMEWORKS_FOLDER_PATH}/RealmSwift.framework",
			);
			runOnlyForDeploymentPostprocessing = 0;
			shellPath = /bin/sh;
			shellScript = "\"${PODS_ROOT}/Target Support Files/Pods-TechnicalEntranceTest/Pods-TechnicalEntranceTest-frameworks.sh\"\n";
			showEnvVarsInLog = 0;
		};
		719AC7B92F957C6D2A25DB30 /* [CP] Check Pods Manifest.lock */ = {
			isa = PBXShellScriptBuildPhase;
			buildActionMask = 2147483647;
			files = (
			);
			inputFileListPaths = (
			);
			inputPaths = (
				"${PODS_PODFILE_DIR_PATH}/Podfile.lock",
				"${PODS_ROOT}/Manifest.lock",
			);
			name = "[CP] Check Pods Manifest.lock";
			outputFileListPaths = (
			);
			outputPaths = (
				"$(DERIVED_FILE_DIR)/Pods-TechnicalEntranceTest-checkManifestLockResult.txt",
			);
			runOnlyForDeploymentPostprocessing = 0;
			shellPath = /bin/sh;
			shellScript = "diff \"${PODS_PODFILE_DIR_PATH}/Podfile.lock\" \"${PODS_ROOT}/Manifest.lock\" > /dev/null\nif [ $? != 0 ] ; then\n    # print error to STDERR\n    echo \"error: The sandbox is not in sync with the Podfile.lock. Run 'pod install' or update your CocoaPods installation.\" >&2\n    exit 1\nfi\n# This output is used by Xcode 'outputs' to avoid re-running this script phase.\necho \"SUCCESS\" > \"${SCRIPT_OUTPUT_FILE_0}\"\n";
			showEnvVarsInLog = 0;
		};
/* End PBXShellScriptBuildPhase section */

/* Begin PBXSourcesBuildPhase section */
		6B33ED6022EEF5D200F489A8 /* Sources */ = {
			isa = PBXSourcesBuildPhase;
			buildActionMask = 2147483647;
			files = (
				6B27DED322EF45D700D4490E /* NavigationController.swift in Sources */,
				6B27DF1522EFE96E00D4490E /* Constant.swift in Sources */,
				6B27DF3F22F0601D00D4490E /* DetailViewController.swift in Sources */,
				6B27DED622EF542500D4490E /* ListProductTableViewCell.swift in Sources */,
				6B27DF1D22F00AC100D4490E /* SearchProductTableViewCell.swift in Sources */,
				6B27DF4222F06EA900D4490E /* ProductType.swift in Sources */,
				6B27DF3822F044EE00D4490E /* LeftToRightTransitionProxy.swift in Sources */,
				6B27DEAC22EF2EF800D4490E /* ProductViewController.swift in Sources */,
				6B27DECA22EF32AF00D4490E /* ProfileTabViewController.swift in Sources */,
				6B27DF1922EFE9E300D4490E /* SearchProductViewController.swift in Sources */,
				6B27DEBD22EF31C100D4490E /* MainViewController.swift in Sources */,
				6B27DF3B22F04F5F00D4490E /* MainGridViewController.swift in Sources */,
				6B33ED6A22EEF5D200F489A8 /* ViewController.swift in Sources */,
				6B27DF2922F03E1000D4490E /* SearchVideoTableViewCell.swift in Sources */,
				6B27DEEF22EF6E9C00D4490E /* ProductDetailTableViewCell.swift in Sources */,
				6B27DECE22EF32C100D4490E /* CheckoutTabViewController.swift in Sources */,
				6B27DEC622EF329F00D4490E /* OrdersTabViewController.swift in Sources */,
				6B27DF2022F00C5400D4490E /* ConvertHelper.swift in Sources */,
				6B27DF0D22EFD0B100D4490E /* GridProductCollectionViewCell.swift in Sources */,
				6B27DEC222EF328D00D4490E /* MainTabViewController.swift in Sources */,
				6B33ED6822EEF5D200F489A8 /* AppDelegate.swift in Sources */,
				6B27DF2522F0358500D4490E /* HeaderViewCell.swift in Sources */,
				6B27DEE722EF612100D4490E /* ProductData.swift in Sources */,
			);
			runOnlyForDeploymentPostprocessing = 0;
		};
		6B33ED7422EEF5D700F489A8 /* Sources */ = {
			isa = PBXSourcesBuildPhase;
			buildActionMask = 2147483647;
			files = (
				6B33ED7D22EEF5D700F489A8 /* TechnicalEntranceTestTests.swift in Sources */,
			);
			runOnlyForDeploymentPostprocessing = 0;
		};
		6B33ED7F22EEF5D700F489A8 /* Sources */ = {
			isa = PBXSourcesBuildPhase;
			buildActionMask = 2147483647;
			files = (
				6B33ED8822EEF5D700F489A8 /* TechnicalEntranceTestUITests.swift in Sources */,
			);
			runOnlyForDeploymentPostprocessing = 0;
		};
/* End PBXSourcesBuildPhase section */

/* Begin PBXTargetDependency section */
		6B33ED7A22EEF5D700F489A8 /* PBXTargetDependency */ = {
			isa = PBXTargetDependency;
			target = 6B33ED6322EEF5D200F489A8 /* TechnicalEntranceTest */;
			targetProxy = 6B33ED7922EEF5D700F489A8 /* PBXContainerItemProxy */;
		};
		6B33ED8522EEF5D700F489A8 /* PBXTargetDependency */ = {
			isa = PBXTargetDependency;
			target = 6B33ED6322EEF5D200F489A8 /* TechnicalEntranceTest */;
			targetProxy = 6B33ED8422EEF5D700F489A8 /* PBXContainerItemProxy */;
		};
/* End PBXTargetDependency section */

/* Begin PBXVariantGroup section */
		6B33ED7022EEF5D600F489A8 /* LaunchScreen.storyboard */ = {
			isa = PBXVariantGroup;
			children = (
				6B33ED7122EEF5D600F489A8 /* Base */,
			);
			name = LaunchScreen.storyboard;
			sourceTree = "<group>";
		};
/* End PBXVariantGroup section */

/* Begin XCBuildConfiguration section */
		6B33ED8A22EEF5D700F489A8 /* Debug */ = {
			isa = XCBuildConfiguration;
			buildSettings = {
				ALWAYS_SEARCH_USER_PATHS = NO;
				CLANG_ANALYZER_NONNULL = YES;
				CLANG_ANALYZER_NUMBER_OBJECT_CONVERSION = YES_AGGRESSIVE;
				CLANG_CXX_LANGUAGE_STANDARD = "gnu++14";
				CLANG_CXX_LIBRARY = "libc++";
				CLANG_ENABLE_MODULES = YES;
				CLANG_ENABLE_OBJC_ARC = YES;
				CLANG_ENABLE_OBJC_WEAK = YES;
				CLANG_WARN_BLOCK_CAPTURE_AUTORELEASING = YES;
				CLANG_WARN_BOOL_CONVERSION = YES;
				CLANG_WARN_COMMA = YES;
				CLANG_WARN_CONSTANT_CONVERSION = YES;
				CLANG_WARN_DEPRECATED_OBJC_IMPLEMENTATIONS = YES;
				CLANG_WARN_DIRECT_OBJC_ISA_USAGE = YES_ERROR;
				CLANG_WARN_DOCUMENTATION_COMMENTS = YES;
				CLANG_WARN_EMPTY_BODY = YES;
				CLANG_WARN_ENUM_CONVERSION = YES;
				CLANG_WARN_INFINITE_RECURSION = YES;
				CLANG_WARN_INT_CONVERSION = YES;
				CLANG_WARN_NON_LITERAL_NULL_CONVERSION = YES;
				CLANG_WARN_OBJC_IMPLICIT_RETAIN_SELF = YES;
				CLANG_WARN_OBJC_LITERAL_CONVERSION = YES;
				CLANG_WARN_OBJC_ROOT_CLASS = YES_ERROR;
				CLANG_WARN_RANGE_LOOP_ANALYSIS = YES;
				CLANG_WARN_STRICT_PROTOTYPES = YES;
				CLANG_WARN_SUSPICIOUS_MOVE = YES;
				CLANG_WARN_UNGUARDED_AVAILABILITY = YES_AGGRESSIVE;
				CLANG_WARN_UNREACHABLE_CODE = YES;
				CLANG_WARN__DUPLICATE_METHOD_MATCH = YES;
				CODE_SIGN_IDENTITY = "iPhone Developer";
				COPY_PHASE_STRIP = NO;
				DEBUG_INFORMATION_FORMAT = dwarf;
				ENABLE_STRICT_OBJC_MSGSEND = YES;
				ENABLE_TESTABILITY = YES;
				GCC_C_LANGUAGE_STANDARD = gnu11;
				GCC_DYNAMIC_NO_PIC = NO;
				GCC_NO_COMMON_BLOCKS = YES;
				GCC_OPTIMIZATION_LEVEL = 0;
				GCC_PREPROCESSOR_DEFINITIONS = (
					"DEBUG=1",
					"$(inherited)",
				);
				GCC_WARN_64_TO_32_BIT_CONVERSION = YES;
				GCC_WARN_ABOUT_RETURN_TYPE = YES_ERROR;
				GCC_WARN_UNDECLARED_SELECTOR = YES;
				GCC_WARN_UNINITIALIZED_AUTOS = YES_AGGRESSIVE;
				GCC_WARN_UNUSED_FUNCTION = YES;
				GCC_WARN_UNUSED_VARIABLE = YES;
				IPHONEOS_DEPLOYMENT_TARGET = 12.2;
				MTL_ENABLE_DEBUG_INFO = INCLUDE_SOURCE;
				MTL_FAST_MATH = YES;
				ONLY_ACTIVE_ARCH = YES;
				SDKROOT = iphoneos;
				SWIFT_ACTIVE_COMPILATION_CONDITIONS = DEBUG;
				SWIFT_OPTIMIZATION_LEVEL = "-Onone";
			};
			name = Debug;
		};
		6B33ED8B22EEF5D700F489A8 /* Release */ = {
			isa = XCBuildConfiguration;
			buildSettings = {
				ALWAYS_SEARCH_USER_PATHS = NO;
				CLANG_ANALYZER_NONNULL = YES;
				CLANG_ANALYZER_NUMBER_OBJECT_CONVERSION = YES_AGGRESSIVE;
				CLANG_CXX_LANGUAGE_STANDARD = "gnu++14";
				CLANG_CXX_LIBRARY = "libc++";
				CLANG_ENABLE_MODULES = YES;
				CLANG_ENABLE_OBJC_ARC = YES;
				CLANG_ENABLE_OBJC_WEAK = YES;
				CLANG_WARN_BLOCK_CAPTURE_AUTORELEASING = YES;
				CLANG_WARN_BOOL_CONVERSION = YES;
				CLANG_WARN_COMMA = YES;
				CLANG_WARN_CONSTANT_CONVERSION = YES;
				CLANG_WARN_DEPRECATED_OBJC_IMPLEMENTATIONS = YES;
				CLANG_WARN_DIRECT_OBJC_ISA_USAGE = YES_ERROR;
				CLANG_WARN_DOCUMENTATION_COMMENTS = YES;
				CLANG_WARN_EMPTY_BODY = YES;
				CLANG_WARN_ENUM_CONVERSION = YES;
				CLANG_WARN_INFINITE_RECURSION = YES;
				CLANG_WARN_INT_CONVERSION = YES;
				CLANG_WARN_NON_LITERAL_NULL_CONVERSION = YES;
				CLANG_WARN_OBJC_IMPLICIT_RETAIN_SELF = YES;
				CLANG_WARN_OBJC_LITERAL_CONVERSION = YES;
				CLANG_WARN_OBJC_ROOT_CLASS = YES_ERROR;
				CLANG_WARN_RANGE_LOOP_ANALYSIS = YES;
				CLANG_WARN_STRICT_PROTOTYPES = YES;
				CLANG_WARN_SUSPICIOUS_MOVE = YES;
				CLANG_WARN_UNGUARDED_AVAILABILITY = YES_AGGRESSIVE;
				CLANG_WARN_UNREACHABLE_CODE = YES;
				CLANG_WARN__DUPLICATE_METHOD_MATCH = YES;
				CODE_SIGN_IDENTITY = "iPhone Developer";
				COPY_PHASE_STRIP = NO;
				DEBUG_INFORMATION_FORMAT = "dwarf-with-dsym";
				ENABLE_NS_ASSERTIONS = NO;
				ENABLE_STRICT_OBJC_MSGSEND = YES;
				GCC_C_LANGUAGE_STANDARD = gnu11;
				GCC_NO_COMMON_BLOCKS = YES;
				GCC_WARN_64_TO_32_BIT_CONVERSION = YES;
				GCC_WARN_ABOUT_RETURN_TYPE = YES_ERROR;
				GCC_WARN_UNDECLARED_SELECTOR = YES;
				GCC_WARN_UNINITIALIZED_AUTOS = YES_AGGRESSIVE;
				GCC_WARN_UNUSED_FUNCTION = YES;
				GCC_WARN_UNUSED_VARIABLE = YES;
				IPHONEOS_DEPLOYMENT_TARGET = 12.2;
				MTL_ENABLE_DEBUG_INFO = NO;
				MTL_FAST_MATH = YES;
				SDKROOT = iphoneos;
				SWIFT_COMPILATION_MODE = wholemodule;
				SWIFT_OPTIMIZATION_LEVEL = "-O";
				VALIDATE_PRODUCT = YES;
			};
			name = Release;
		};
		6B33ED8D22EEF5D700F489A8 /* Debug */ = {
			isa = XCBuildConfiguration;
			baseConfigurationReference = C835B1022AC6CDF20E62BEBF /* Pods-TechnicalEntranceTest.debug.xcconfig */;
			buildSettings = {
				ASSETCATALOG_COMPILER_APPICON_NAME = AppIcon;
				CODE_SIGN_STYLE = Automatic;
				DEVELOPMENT_TEAM = TVNVJ4SFSF;
				INFOPLIST_FILE = TechnicalEntranceTest/Info.plist;
				LD_RUNPATH_SEARCH_PATHS = (
					"$(inherited)",
					"@executable_path/Frameworks",
				);
				PRODUCT_BUNDLE_IDENTIFIER = "Sskey-dev.TechnicalEntranceTest";
				PRODUCT_NAME = "$(TARGET_NAME)";
				SWIFT_VERSION = 5.0;
				TARGETED_DEVICE_FAMILY = "1,2";
			};
			name = Debug;
		};
		6B33ED8E22EEF5D700F489A8 /* Release */ = {
			isa = XCBuildConfiguration;
			baseConfigurationReference = EDE822967C1614A9092B2890 /* Pods-TechnicalEntranceTest.release.xcconfig */;
			buildSettings = {
				ASSETCATALOG_COMPILER_APPICON_NAME = AppIcon;
				CODE_SIGN_STYLE = Automatic;
				DEVELOPMENT_TEAM = TVNVJ4SFSF;
				INFOPLIST_FILE = TechnicalEntranceTest/Info.plist;
				LD_RUNPATH_SEARCH_PATHS = (
					"$(inherited)",
					"@executable_path/Frameworks",
				);
				PRODUCT_BUNDLE_IDENTIFIER = "Sskey-dev.TechnicalEntranceTest";
				PRODUCT_NAME = "$(TARGET_NAME)";
				SWIFT_VERSION = 5.0;
				TARGETED_DEVICE_FAMILY = "1,2";
			};
			name = Release;
		};
		6B33ED9022EEF5D700F489A8 /* Debug */ = {
			isa = XCBuildConfiguration;
			buildSettings = {
				ALWAYS_EMBED_SWIFT_STANDARD_LIBRARIES = YES;
				BUNDLE_LOADER = "$(TEST_HOST)";
				CODE_SIGN_STYLE = Automatic;
				DEVELOPMENT_TEAM = TVNVJ4SFSF;
				INFOPLIST_FILE = TechnicalEntranceTestTests/Info.plist;
				LD_RUNPATH_SEARCH_PATHS = (
					"$(inherited)",
					"@executable_path/Frameworks",
					"@loader_path/Frameworks",
				);
				PRODUCT_BUNDLE_IDENTIFIER = "Sskey-dev.TechnicalEntranceTestTests";
				PRODUCT_NAME = "$(TARGET_NAME)";
				SWIFT_VERSION = 5.0;
				TARGETED_DEVICE_FAMILY = "1,2";
				TEST_HOST = "$(BUILT_PRODUCTS_DIR)/TechnicalEntranceTest.app/TechnicalEntranceTest";
			};
			name = Debug;
		};
		6B33ED9122EEF5D700F489A8 /* Release */ = {
			isa = XCBuildConfiguration;
			buildSettings = {
				ALWAYS_EMBED_SWIFT_STANDARD_LIBRARIES = YES;
				BUNDLE_LOADER = "$(TEST_HOST)";
				CODE_SIGN_STYLE = Automatic;
				DEVELOPMENT_TEAM = TVNVJ4SFSF;
				INFOPLIST_FILE = TechnicalEntranceTestTests/Info.plist;
				LD_RUNPATH_SEARCH_PATHS = (
					"$(inherited)",
					"@executable_path/Frameworks",
					"@loader_path/Frameworks",
				);
				PRODUCT_BUNDLE_IDENTIFIER = "Sskey-dev.TechnicalEntranceTestTests";
				PRODUCT_NAME = "$(TARGET_NAME)";
				SWIFT_VERSION = 5.0;
				TARGETED_DEVICE_FAMILY = "1,2";
				TEST_HOST = "$(BUILT_PRODUCTS_DIR)/TechnicalEntranceTest.app/TechnicalEntranceTest";
			};
			name = Release;
		};
		6B33ED9322EEF5D700F489A8 /* Debug */ = {
			isa = XCBuildConfiguration;
			buildSettings = {
				ALWAYS_EMBED_SWIFT_STANDARD_LIBRARIES = YES;
				CODE_SIGN_STYLE = Automatic;
				DEVELOPMENT_TEAM = TVNVJ4SFSF;
				INFOPLIST_FILE = TechnicalEntranceTestUITests/Info.plist;
				LD_RUNPATH_SEARCH_PATHS = (
					"$(inherited)",
					"@executable_path/Frameworks",
					"@loader_path/Frameworks",
				);
				PRODUCT_BUNDLE_IDENTIFIER = "Sskey-dev.TechnicalEntranceTestUITests";
				PRODUCT_NAME = "$(TARGET_NAME)";
				SWIFT_VERSION = 5.0;
				TARGETED_DEVICE_FAMILY = "1,2";
				TEST_TARGET_NAME = TechnicalEntranceTest;
			};
			name = Debug;
		};
		6B33ED9422EEF5D700F489A8 /* Release */ = {
			isa = XCBuildConfiguration;
			buildSettings = {
				ALWAYS_EMBED_SWIFT_STANDARD_LIBRARIES = YES;
				CODE_SIGN_STYLE = Automatic;
				DEVELOPMENT_TEAM = TVNVJ4SFSF;
				INFOPLIST_FILE = TechnicalEntranceTestUITests/Info.plist;
				LD_RUNPATH_SEARCH_PATHS = (
					"$(inherited)",
					"@executable_path/Frameworks",
					"@loader_path/Frameworks",
				);
				PRODUCT_BUNDLE_IDENTIFIER = "Sskey-dev.TechnicalEntranceTestUITests";
				PRODUCT_NAME = "$(TARGET_NAME)";
				SWIFT_VERSION = 5.0;
				TARGETED_DEVICE_FAMILY = "1,2";
				TEST_TARGET_NAME = TechnicalEntranceTest;
			};
			name = Release;
		};
/* End XCBuildConfiguration section */

/* Begin XCConfigurationList section */
		6B33ED5F22EEF5D200F489A8 /* Build configuration list for PBXProject "TechnicalEntranceTest" */ = {
			isa = XCConfigurationList;
			buildConfigurations = (
				6B33ED8A22EEF5D700F489A8 /* Debug */,
				6B33ED8B22EEF5D700F489A8 /* Release */,
			);
			defaultConfigurationIsVisible = 0;
			defaultConfigurationName = Release;
		};
		6B33ED8C22EEF5D700F489A8 /* Build configuration list for PBXNativeTarget "TechnicalEntranceTest" */ = {
			isa = XCConfigurationList;
			buildConfigurations = (
				6B33ED8D22EEF5D700F489A8 /* Debug */,
				6B33ED8E22EEF5D700F489A8 /* Release */,
			);
			defaultConfigurationIsVisible = 0;
			defaultConfigurationName = Release;
		};
		6B33ED8F22EEF5D700F489A8 /* Build configuration list for PBXNativeTarget "TechnicalEntranceTestTests" */ = {
			isa = XCConfigurationList;
			buildConfigurations = (
				6B33ED9022EEF5D700F489A8 /* Debug */,
				6B33ED9122EEF5D700F489A8 /* Release */,
			);
			defaultConfigurationIsVisible = 0;
			defaultConfigurationName = Release;
		};
		6B33ED9222EEF5D700F489A8 /* Build configuration list for PBXNativeTarget "TechnicalEntranceTestUITests" */ = {
			isa = XCConfigurationList;
			buildConfigurations = (
				6B33ED9322EEF5D700F489A8 /* Debug */,
				6B33ED9422EEF5D700F489A8 /* Release */,
			);
			defaultConfigurationIsVisible = 0;
			defaultConfigurationName = Release;
		};
/* End XCConfigurationList section */
	};
	rootObject = 6B33ED5C22EEF5D200F489A8 /* Project object */;
}
